
Microsoft Visual Studio Solution File, Format Version 12.00
# Visual Studio Version 16
VisualStudioVersion = 16.0.33927.289
MinimumVisualStudioVersion = 10.0.40219.1
Project("{FAE04EC0-301F-11D3-BF4B-00C04F79EFBC}") = "remotingclient", "remotingclient\remotingclient.csproj", "{4DE2601C-8BE7-4C63-8928-101651F3DE2B}"
EndProject
Global
	GlobalSection(SolutionConfigurationPlatforms) = preSolution
		Debug|Any CPU = Debug|Any CPU
		Release|Any CPU = Release|Any CPU
	EndGlobalSection
	GlobalSection(ProjectConfigurationPlatforms) = postSolution
		{4DE2601C-8BE7-4C63-8928-101651F3DE2B}.Debug|Any CPU.ActiveCfg = Debug|Any CPU
		{4DE2601C-8BE7-4C63-8928-101651F3DE2B}.Debug|Any CPU.Build.0 = Debug|Any CPU
		{4DE2601C-8BE7-4C63-8928-101651F3DE2B}.Release|Any CPU.ActiveCfg = Release|Any CPU
		{4DE2601C-8BE7-4C63-8928-101651F3DE2B}.Release|Any CPU.Build.0 = Release|Any CPU
	EndGlobalSection
	GlobalSection(SolutionProperties) = preSolution
		HideSolutionNode = FALSE
	EndGlobalSection
	GlobalSection(ExtensibilityGlobals) = postSolution
		SolutionGuid = {49D4EC2C-FDDE-4635-8FBD-7E1C39C92073}
	EndGlobalSection
EndGlobal
