
Microsoft Visual Studio Solution File, Format Version 12.00
# Visual Studio Version 16
VisualStudioVersion = 16.0.33927.289
MinimumVisualStudioVersion = 10.0.40219.1
Project("{FAE04EC0-301F-11D3-BF4B-00C04F79EFBC}") = "codebased test3", "codebased test3\codebased test3.csproj", "{CC2FE80D-E568-42DC-99A7-B17022E30E6B}"
EndProject
Project("{FAE04EC0-301F-11D3-BF4B-00C04F79EFBC}") = "q2", "q2\q2.csproj", "{6EE86CB6-109A-428F-889E-8E4B6E5572CA}"
EndProject
Global
	GlobalSection(SolutionConfigurationPlatforms) = preSolution
		Debug|Any CPU = Debug|Any CPU
		Release|Any CPU = Release|Any CPU
	EndGlobalSection
	GlobalSection(ProjectConfigurationPlatforms) = postSolution
		{CC2FE80D-E568-42DC-99A7-B17022E30E6B}.Debug|Any CPU.ActiveCfg = Debug|Any CPU
		{CC2FE80D-E568-42DC-99A7-B17022E30E6B}.Debug|Any CPU.Build.0 = Debug|Any CPU
		{CC2FE80D-E568-42DC-99A7-B17022E30E6B}.Release|Any CPU.ActiveCfg = Release|Any CPU
		{CC2FE80D-E568-42DC-99A7-B17022E30E6B}.Release|Any CPU.Build.0 = Release|Any CPU
		{6EE86CB6-109A-428F-889E-8E4B6E5572CA}.Debug|Any CPU.ActiveCfg = Debug|Any CPU
		{6EE86CB6-109A-428F-889E-8E4B6E5572CA}.Debug|Any CPU.Build.0 = Debug|Any CPU
		{6EE86CB6-109A-428F-889E-8E4B6E5572CA}.Release|Any CPU.ActiveCfg = Release|Any CPU
		{6EE86CB6-109A-428F-889E-8E4B6E5572CA}.Release|Any CPU.Build.0 = Release|Any CPU
	EndGlobalSection
	GlobalSection(SolutionProperties) = preSolution
		HideSolutionNode = FALSE
	EndGlobalSection
	GlobalSection(ExtensibilityGlobals) = postSolution
		SolutionGuid = {A62C1A46-17C6-4C99-8FB9-52A143018D71}
	EndGlobalSection
EndGlobal
