
Microsoft Visual Studio Solution File, Format Version 12.00
# Visual Studio Version 16
VisualStudioVersion = 16.0.33927.289
MinimumVisualStudioVersion = 10.0.40219.1
Project("{FAE04EC0-301F-11D3-BF4B-00C04F79EFBC}") = "q2", "q2\q2.csproj", "{2A236D1B-EDED-4D34-A2A8-5C30D986A0B8}"
EndProject
Global
	GlobalSection(SolutionConfigurationPlatforms) = preSolution
		Debug|Any CPU = Debug|Any CPU
		Release|Any CPU = Release|Any CPU
	EndGlobalSection
	GlobalSection(ProjectConfigurationPlatforms) = postSolution
		{2A236D1B-EDED-4D34-A2A8-5C30D986A0B8}.Debug|Any CPU.ActiveCfg = Debug|Any CPU
		{2A236D1B-EDED-4D34-A2A8-5C30D986A0B8}.Debug|Any CPU.Build.0 = Debug|Any CPU
		{2A236D1B-EDED-4D34-A2A8-5C30D986A0B8}.Release|Any CPU.ActiveCfg = Release|Any CPU
		{2A236D1B-EDED-4D34-A2A8-5C30D986A0B8}.Release|Any CPU.Build.0 = Release|Any CPU
	EndGlobalSection
	GlobalSection(SolutionProperties) = preSolution
		HideSolutionNode = FALSE
	EndGlobalSection
	GlobalSection(ExtensibilityGlobals) = postSolution
		SolutionGuid = {C28E463E-76B6-42F7-8051-DF6BD2D38EB0}
	EndGlobalSection
EndGlobal
