
Microsoft Visual Studio Solution File, Format Version 12.00
# Visual Studio Version 16
VisualStudioVersion = 16.0.33927.289
MinimumVisualStudioVersion = 10.0.40219.1
Project("{FAE04EC0-301F-11D3-BF4B-00C04F79EFBC}") = "assignment6", "assignment6\assignment6.csproj", "{97AD3BC7-328E-4A5D-89F9-4C1B5E1CE0F8}"
EndProject
Project("{FAE04EC0-301F-11D3-BF4B-00C04F79EFBC}") = "concession", "concessionexample\concession.csproj", "{370D3DC6-834E-405E-A2D4-CBF99D7C487D}"
EndProject
Global
	GlobalSection(SolutionConfigurationPlatforms) = preSolution
		Debug|Any CPU = Debug|Any CPU
		Release|Any CPU = Release|Any CPU
	EndGlobalSection
	GlobalSection(ProjectConfigurationPlatforms) = postSolution
		{97AD3BC7-328E-4A5D-89F9-4C1B5E1CE0F8}.Debug|Any CPU.ActiveCfg = Debug|Any CPU
		{97AD3BC7-328E-4A5D-89F9-4C1B5E1CE0F8}.Debug|Any CPU.Build.0 = Debug|Any CPU
		{97AD3BC7-328E-4A5D-89F9-4C1B5E1CE0F8}.Release|Any CPU.ActiveCfg = Release|Any CPU
		{97AD3BC7-328E-4A5D-89F9-4C1B5E1CE0F8}.Release|Any CPU.Build.0 = Release|Any CPU
		{370D3DC6-834E-405E-A2D4-CBF99D7C487D}.Debug|Any CPU.ActiveCfg = Debug|Any CPU
		{370D3DC6-834E-405E-A2D4-CBF99D7C487D}.Debug|Any CPU.Build.0 = Debug|Any CPU
		{370D3DC6-834E-405E-A2D4-CBF99D7C487D}.Release|Any CPU.ActiveCfg = Release|Any CPU
		{370D3DC6-834E-405E-A2D4-CBF99D7C487D}.Release|Any CPU.Build.0 = Release|Any CPU
	EndGlobalSection
	GlobalSection(SolutionProperties) = preSolution
		HideSolutionNode = FALSE
	EndGlobalSection
	GlobalSection(ExtensibilityGlobals) = postSolution
		SolutionGuid = {514B6438-EAF6-4B55-9EED-316E27930552}
	EndGlobalSection
EndGlobal
