
Microsoft Visual Studio Solution File, Format Version 12.00
# Visual Studio Version 16
VisualStudioVersion = 16.0.33927.289
MinimumVisualStudioVersion = 10.0.40219.1
Project("{FAE04EC0-301F-11D3-BF4B-00C04F79EFBC}") = "q1", "codebased test4\q1.csproj", "{A8DF2035-61B4-4950-A29A-8157D183CB54}"
EndProject
Project("{FAE04EC0-301F-11D3-BF4B-00C04F79EFBC}") = "q2", "q2\q2.csproj", "{9F2D7968-CD8F-4654-9656-B40B48F76456}"
EndProject
Project("{FAE04EC0-301F-11D3-BF4B-00C04F79EFBC}") = "q3", "q3\q3.csproj", "{B338B83F-7584-495D-B608-9951D21A3D7F}"
EndProject
Global
	GlobalSection(SolutionConfigurationPlatforms) = preSolution
		Debug|Any CPU = Debug|Any CPU
		Release|Any CPU = Release|Any CPU
	EndGlobalSection
	GlobalSection(ProjectConfigurationPlatforms) = postSolution
		{A8DF2035-61B4-4950-A29A-8157D183CB54}.Debug|Any CPU.ActiveCfg = Debug|Any CPU
		{A8DF2035-61B4-4950-A29A-8157D183CB54}.Debug|Any CPU.Build.0 = Debug|Any CPU
		{A8DF2035-61B4-4950-A29A-8157D183CB54}.Release|Any CPU.ActiveCfg = Release|Any CPU
		{A8DF2035-61B4-4950-A29A-8157D183CB54}.Release|Any CPU.Build.0 = Release|Any CPU
		{9F2D7968-CD8F-4654-9656-B40B48F76456}.Debug|Any CPU.ActiveCfg = Debug|Any CPU
		{9F2D7968-CD8F-4654-9656-B40B48F76456}.Debug|Any CPU.Build.0 = Debug|Any CPU
		{9F2D7968-CD8F-4654-9656-B40B48F76456}.Release|Any CPU.ActiveCfg = Release|Any CPU
		{9F2D7968-CD8F-4654-9656-B40B48F76456}.Release|Any CPU.Build.0 = Release|Any CPU
		{B338B83F-7584-495D-B608-9951D21A3D7F}.Debug|Any CPU.ActiveCfg = Debug|Any CPU
		{B338B83F-7584-495D-B608-9951D21A3D7F}.Debug|Any CPU.Build.0 = Debug|Any CPU
		{B338B83F-7584-495D-B608-9951D21A3D7F}.Release|Any CPU.ActiveCfg = Release|Any CPU
		{B338B83F-7584-495D-B608-9951D21A3D7F}.Release|Any CPU.Build.0 = Release|Any CPU
	EndGlobalSection
	GlobalSection(SolutionProperties) = preSolution
		HideSolutionNode = FALSE
	EndGlobalSection
	GlobalSection(ExtensibilityGlobals) = postSolution
		SolutionGuid = {A7D26ACC-E018-427D-88DB-4E5416727E53}
	EndGlobalSection
EndGlobal
