
Microsoft Visual Studio Solution File, Format Version 12.00
# Visual Studio Version 16
VisualStudioVersion = 16.0.33927.289
MinimumVisualStudioVersion = 10.0.40219.1
Project("{FAE04EC0-301F-11D3-BF4B-00C04F79EFBC}") = "q1", "ConsoleApp1\q1.csproj", "{934A2F0A-A3D3-44F9-9E77-83897B66A1B3}"
EndProject
Project("{FAE04EC0-301F-11D3-BF4B-00C04F79EFBC}") = "q2", "q2\q2.csproj", "{94E2E698-3998-4E5F-917A-8171E1430D20}"
EndProject
Project("{FAE04EC0-301F-11D3-BF4B-00C04F79EFBC}") = "q3", "q3\q3.csproj", "{00EF1224-50FB-4A02-B457-0450D959E715}"
EndProject
Project("{FAE04EC0-301F-11D3-BF4B-00C04F79EFBC}") = "q4", "q4\q4.csproj", "{2134DCBD-8909-4000-94F0-9EDE0EDBF703}"
EndProject
Global
	GlobalSection(SolutionConfigurationPlatforms) = preSolution
		Debug|Any CPU = Debug|Any CPU
		Release|Any CPU = Release|Any CPU
	EndGlobalSection
	GlobalSection(ProjectConfigurationPlatforms) = postSolution
		{934A2F0A-A3D3-44F9-9E77-83897B66A1B3}.Debug|Any CPU.ActiveCfg = Debug|Any CPU
		{934A2F0A-A3D3-44F9-9E77-83897B66A1B3}.Debug|Any CPU.Build.0 = Debug|Any CPU
		{934A2F0A-A3D3-44F9-9E77-83897B66A1B3}.Release|Any CPU.ActiveCfg = Release|Any CPU
		{934A2F0A-A3D3-44F9-9E77-83897B66A1B3}.Release|Any CPU.Build.0 = Release|Any CPU
		{94E2E698-3998-4E5F-917A-8171E1430D20}.Debug|Any CPU.ActiveCfg = Debug|Any CPU
		{94E2E698-3998-4E5F-917A-8171E1430D20}.Debug|Any CPU.Build.0 = Debug|Any CPU
		{94E2E698-3998-4E5F-917A-8171E1430D20}.Release|Any CPU.ActiveCfg = Release|Any CPU
		{94E2E698-3998-4E5F-917A-8171E1430D20}.Release|Any CPU.Build.0 = Release|Any CPU
		{00EF1224-50FB-4A02-B457-0450D959E715}.Debug|Any CPU.ActiveCfg = Debug|Any CPU
		{00EF1224-50FB-4A02-B457-0450D959E715}.Debug|Any CPU.Build.0 = Debug|Any CPU
		{00EF1224-50FB-4A02-B457-0450D959E715}.Release|Any CPU.ActiveCfg = Release|Any CPU
		{00EF1224-50FB-4A02-B457-0450D959E715}.Release|Any CPU.Build.0 = Release|Any CPU
		{2134DCBD-8909-4000-94F0-9EDE0EDBF703}.Debug|Any CPU.ActiveCfg = Debug|Any CPU
		{2134DCBD-8909-4000-94F0-9EDE0EDBF703}.Debug|Any CPU.Build.0 = Debug|Any CPU
		{2134DCBD-8909-4000-94F0-9EDE0EDBF703}.Release|Any CPU.ActiveCfg = Release|Any CPU
		{2134DCBD-8909-4000-94F0-9EDE0EDBF703}.Release|Any CPU.Build.0 = Release|Any CPU
	EndGlobalSection
	GlobalSection(SolutionProperties) = preSolution
		HideSolutionNode = FALSE
	EndGlobalSection
	GlobalSection(ExtensibilityGlobals) = postSolution
		SolutionGuid = {ED84254C-8A13-44E8-BE99-C12CE4ED43D4}
	EndGlobalSection
EndGlobal
